
Microsoft Visual Studio Solution File, Format Version 12.00
# Visual Studio 15
VisualStudioVersion = 15.0.28010.2050
MinimumVisualStudioVersion = 10.0.40219.1
Project("{9A19103F-16F7-4668-BE54-9A1E7A4F7556}") = "FileArchiver", "src\FileArchiver\FileArchiver.csproj", "{FF266D8D-84C8-4867-A7AD-C4C8047FFA86}"
EndProject
Project("{9A19103F-16F7-4668-BE54-9A1E7A4F7556}") = "FileArchiver.Archive", "src\FileArchiver.Archive\FileArchiver.Archive.csproj", "{A08C9479-97C2-473A-9F94-47281C680637}"
EndProject
Project("{9A19103F-16F7-4668-BE54-9A1E7A4F7556}") = "FileArchiver.Storage", "src\FileArchiver.Storage\FileArchiver.Storage.csproj", "{01273C87-C450-4E61-A6AB-BEACE42ECB31}"
EndProject
Project("{9A19103F-16F7-4668-BE54-9A1E7A4F7556}") = "FileArchiver.Plugins", "src\FileArchiver.Plugins\FileArchiver.Plugins.csproj", "{0B1E09ED-F3E4-47E5-A0D2-BF24FDA847BD}"
EndProject
Project("{9A19103F-16F7-4668-BE54-9A1E7A4F7556}") = "FileArchiver.Generic", "src\FileArchiver.Generic\FileArchiver.Generic.csproj", "{12612600-A4C2-4651-B5A6-A0BBEC6AF075}"
EndProject
Project("{2150E333-8FDC-42A3-9474-1A3956D46DE8}") = "Plugins", "Plugins", "{A566D52C-170F-4FE2-A88F-110D80CE440E}"
EndProject
Project("{9A19103F-16F7-4668-BE54-9A1E7A4F7556}") = "FileArchiver.DiskStorage", "src\Plugins\FileArchiver.DiskStorage\FileArchiver.DiskStorage.csproj", "{2703F748-CB84-4333-B47A-C9C823FF64E8}"
EndProject
Project("{9A19103F-16F7-4668-BE54-9A1E7A4F7556}") = "FileArchiver.ZipArchive", "src\Plugins\FileArchiver.ZipArchive\FileArchiver.ZipArchive.csproj", "{8471FD9A-976A-40CE-8DFC-E42469D31BA9}"
EndProject
Global
	GlobalSection(SolutionConfigurationPlatforms) = preSolution
		Debug|Any CPU = Debug|Any CPU
		Release|Any CPU = Release|Any CPU
		Test|Any CPU = Test|Any CPU
	EndGlobalSection
	GlobalSection(ProjectConfigurationPlatforms) = postSolution
		{FF266D8D-84C8-4867-A7AD-C4C8047FFA86}.Debug|Any CPU.ActiveCfg = Debug|Any CPU
		{FF266D8D-84C8-4867-A7AD-C4C8047FFA86}.Debug|Any CPU.Build.0 = Debug|Any CPU
		{FF266D8D-84C8-4867-A7AD-C4C8047FFA86}.Release|Any CPU.ActiveCfg = Release|Any CPU
		{FF266D8D-84C8-4867-A7AD-C4C8047FFA86}.Release|Any CPU.Build.0 = Release|Any CPU
		{FF266D8D-84C8-4867-A7AD-C4C8047FFA86}.Test|Any CPU.ActiveCfg = Test|Any CPU
		{FF266D8D-84C8-4867-A7AD-C4C8047FFA86}.Test|Any CPU.Build.0 = Test|Any CPU
		{A08C9479-97C2-473A-9F94-47281C680637}.Debug|Any CPU.ActiveCfg = Debug|Any CPU
		{A08C9479-97C2-473A-9F94-47281C680637}.Debug|Any CPU.Build.0 = Debug|Any CPU
		{A08C9479-97C2-473A-9F94-47281C680637}.Release|Any CPU.ActiveCfg = Release|Any CPU
		{A08C9479-97C2-473A-9F94-47281C680637}.Release|Any CPU.Build.0 = Release|Any CPU
		{A08C9479-97C2-473A-9F94-47281C680637}.Test|Any CPU.ActiveCfg = Test|Any CPU
		{A08C9479-97C2-473A-9F94-47281C680637}.Test|Any CPU.Build.0 = Test|Any CPU
		{01273C87-C450-4E61-A6AB-BEACE42ECB31}.Debug|Any CPU.ActiveCfg = Debug|Any CPU
		{01273C87-C450-4E61-A6AB-BEACE42ECB31}.Debug|Any CPU.Build.0 = Debug|Any CPU
		{01273C87-C450-4E61-A6AB-BEACE42ECB31}.Release|Any CPU.ActiveCfg = Release|Any CPU
		{01273C87-C450-4E61-A6AB-BEACE42ECB31}.Release|Any CPU.Build.0 = Release|Any CPU
		{01273C87-C450-4E61-A6AB-BEACE42ECB31}.Test|Any CPU.ActiveCfg = Test|Any CPU
		{01273C87-C450-4E61-A6AB-BEACE42ECB31}.Test|Any CPU.Build.0 = Test|Any CPU
		{0B1E09ED-F3E4-47E5-A0D2-BF24FDA847BD}.Debug|Any CPU.ActiveCfg = Debug|Any CPU
		{0B1E09ED-F3E4-47E5-A0D2-BF24FDA847BD}.Debug|Any CPU.Build.0 = Debug|Any CPU
		{0B1E09ED-F3E4-47E5-A0D2-BF24FDA847BD}.Release|Any CPU.ActiveCfg = Release|Any CPU
		{0B1E09ED-F3E4-47E5-A0D2-BF24FDA847BD}.Release|Any CPU.Build.0 = Release|Any CPU
		{0B1E09ED-F3E4-47E5-A0D2-BF24FDA847BD}.Test|Any CPU.ActiveCfg = Test|Any CPU
		{0B1E09ED-F3E4-47E5-A0D2-BF24FDA847BD}.Test|Any CPU.Build.0 = Test|Any CPU
		{12612600-A4C2-4651-B5A6-A0BBEC6AF075}.Debug|Any CPU.ActiveCfg = Debug|Any CPU
		{12612600-A4C2-4651-B5A6-A0BBEC6AF075}.Debug|Any CPU.Build.0 = Debug|Any CPU
		{12612600-A4C2-4651-B5A6-A0BBEC6AF075}.Release|Any CPU.ActiveCfg = Release|Any CPU
		{12612600-A4C2-4651-B5A6-A0BBEC6AF075}.Release|Any CPU.Build.0 = Release|Any CPU
		{12612600-A4C2-4651-B5A6-A0BBEC6AF075}.Test|Any CPU.ActiveCfg = Test|Any CPU
		{12612600-A4C2-4651-B5A6-A0BBEC6AF075}.Test|Any CPU.Build.0 = Test|Any CPU
		{2703F748-CB84-4333-B47A-C9C823FF64E8}.Debug|Any CPU.ActiveCfg = Debug|Any CPU
		{2703F748-CB84-4333-B47A-C9C823FF64E8}.Debug|Any CPU.Build.0 = Debug|Any CPU
		{2703F748-CB84-4333-B47A-C9C823FF64E8}.Release|Any CPU.ActiveCfg = Release|Any CPU
		{2703F748-CB84-4333-B47A-C9C823FF64E8}.Release|Any CPU.Build.0 = Release|Any CPU
		{2703F748-CB84-4333-B47A-C9C823FF64E8}.Test|Any CPU.ActiveCfg = Test|Any CPU
		{2703F748-CB84-4333-B47A-C9C823FF64E8}.Test|Any CPU.Build.0 = Test|Any CPU
		{8471FD9A-976A-40CE-8DFC-E42469D31BA9}.Debug|Any CPU.ActiveCfg = Debug|Any CPU
		{8471FD9A-976A-40CE-8DFC-E42469D31BA9}.Debug|Any CPU.Build.0 = Debug|Any CPU
		{8471FD9A-976A-40CE-8DFC-E42469D31BA9}.Release|Any CPU.ActiveCfg = Release|Any CPU
		{8471FD9A-976A-40CE-8DFC-E42469D31BA9}.Release|Any CPU.Build.0 = Release|Any CPU
		{8471FD9A-976A-40CE-8DFC-E42469D31BA9}.Test|Any CPU.ActiveCfg = Test|Any CPU
		{8471FD9A-976A-40CE-8DFC-E42469D31BA9}.Test|Any CPU.Build.0 = Test|Any CPU
	EndGlobalSection
	GlobalSection(SolutionProperties) = preSolution
		HideSolutionNode = FALSE
	EndGlobalSection
	GlobalSection(NestedProjects) = preSolution
		{2703F748-CB84-4333-B47A-C9C823FF64E8} = {A566D52C-170F-4FE2-A88F-110D80CE440E}
		{8471FD9A-976A-40CE-8DFC-E42469D31BA9} = {A566D52C-170F-4FE2-A88F-110D80CE440E}
	EndGlobalSection
	GlobalSection(ExtensibilityGlobals) = postSolution
		SolutionGuid = {1D1D9118-C74C-460F-9730-7346D46B3EE2}
	EndGlobalSection
EndGlobal
